
Microsoft Visual Studio Solution File, Format Version 12.00
# Visual Studio Version 17
VisualStudioVersion = 17.5.002.0
MinimumVisualStudioVersion = 10.0.40219.1
Project("{9A19103F-16F7-4668-BE54-9A1E7A4F7556}") = "StudyBackend", "StudyBackend.csproj", "{D07B05FC-1929-4A0C-874B-72D4BDF3DDA8}"
EndProject
Global
	GlobalSection(SolutionConfigurationPlatforms) = preSolution
		Debug|Any CPU = Debug|Any CPU
		Release|Any CPU = Release|Any CPU
	EndGlobalSection
	GlobalSection(ProjectConfigurationPlatforms) = postSolution
		{D07B05FC-1929-4A0C-874B-72D4BDF3DDA8}.Debug|Any CPU.ActiveCfg = Debug|Any CPU
		{D07B05FC-1929-4A0C-874B-72D4BDF3DDA8}.Debug|Any CPU.Build.0 = Debug|Any CPU
		{D07B05FC-1929-4A0C-874B-72D4BDF3DDA8}.Release|Any CPU.ActiveCfg = Release|Any CPU
		{D07B05FC-1929-4A0C-874B-72D4BDF3DDA8}.Release|Any CPU.Build.0 = Release|Any CPU
	EndGlobalSection
	GlobalSection(SolutionProperties) = preSolution
		HideSolutionNode = FALSE
	EndGlobalSection
	GlobalSection(ExtensibilityGlobals) = postSolution
		SolutionGuid = {C72CCF4C-0890-4826-AB2A-03E43A247934}
	EndGlobalSection
EndGlobal
